
Microsoft Visual Studio Solution File, Format Version 12.00
# Visual Studio Version 17
VisualStudioVersion = 17.5.002.0
MinimumVisualStudioVersion = 10.0.40219.1
Project("{9A19103F-16F7-4668-BE54-9A1E7A4F7556}") = "Aula02-Classes", "Aula02-Classes.csproj", "{E0AC221B-AAEF-4343-A7E4-0474A7562204}"
EndProject
Global
	GlobalSection(SolutionConfigurationPlatforms) = preSolution
		Debug|Any CPU = Debug|Any CPU
		Release|Any CPU = Release|Any CPU
	EndGlobalSection
	GlobalSection(ProjectConfigurationPlatforms) = postSolution
		{E0AC221B-AAEF-4343-A7E4-0474A7562204}.Debug|Any CPU.ActiveCfg = Debug|Any CPU
		{E0AC221B-AAEF-4343-A7E4-0474A7562204}.Debug|Any CPU.Build.0 = Debug|Any CPU
		{E0AC221B-AAEF-4343-A7E4-0474A7562204}.Release|Any CPU.ActiveCfg = Release|Any CPU
		{E0AC221B-AAEF-4343-A7E4-0474A7562204}.Release|Any CPU.Build.0 = Release|Any CPU
	EndGlobalSection
	GlobalSection(SolutionProperties) = preSolution
		HideSolutionNode = FALSE
	EndGlobalSection
	GlobalSection(ExtensibilityGlobals) = postSolution
		SolutionGuid = {F7D4339D-D8CD-45BC-8F06-C58F94AD3941}
	EndGlobalSection
EndGlobal
