
Microsoft Visual Studio Solution File, Format Version 12.00
# Visual Studio Version 17
VisualStudioVersion = 17.5.002.0
MinimumVisualStudioVersion = 10.0.40219.1
Project("{9A19103F-16F7-4668-BE54-9A1E7A4F7556}") = "Laboratorio1", "Laboratorio1.csproj", "{D78F42E8-54DD-4400-86BA-973679D01D09}"
EndProject
Global
	GlobalSection(SolutionConfigurationPlatforms) = preSolution
		Debug|Any CPU = Debug|Any CPU
		Release|Any CPU = Release|Any CPU
	EndGlobalSection
	GlobalSection(ProjectConfigurationPlatforms) = postSolution
		{D78F42E8-54DD-4400-86BA-973679D01D09}.Debug|Any CPU.ActiveCfg = Debug|Any CPU
		{D78F42E8-54DD-4400-86BA-973679D01D09}.Debug|Any CPU.Build.0 = Debug|Any CPU
		{D78F42E8-54DD-4400-86BA-973679D01D09}.Release|Any CPU.ActiveCfg = Release|Any CPU
		{D78F42E8-54DD-4400-86BA-973679D01D09}.Release|Any CPU.Build.0 = Release|Any CPU
	EndGlobalSection
	GlobalSection(SolutionProperties) = preSolution
		HideSolutionNode = FALSE
	EndGlobalSection
	GlobalSection(ExtensibilityGlobals) = postSolution
		SolutionGuid = {1FC74F28-7BB8-43AE-B213-39242757626F}
	EndGlobalSection
EndGlobal
