
Microsoft Visual Studio Solution File, Format Version 12.00
# Visual Studio Version 17
VisualStudioVersion = 17.5.002.0
MinimumVisualStudioVersion = 10.0.40219.1
Project("{9A19103F-16F7-4668-BE54-9A1E7A4F7556}") = "aula2", "aula2.csproj", "{4AEF3D44-7600-458C-BE2B-6B6281194E05}"
EndProject
Global
	GlobalSection(SolutionConfigurationPlatforms) = preSolution
		Debug|Any CPU = Debug|Any CPU
		Release|Any CPU = Release|Any CPU
	EndGlobalSection
	GlobalSection(ProjectConfigurationPlatforms) = postSolution
		{4AEF3D44-7600-458C-BE2B-6B6281194E05}.Debug|Any CPU.ActiveCfg = Debug|Any CPU
		{4AEF3D44-7600-458C-BE2B-6B6281194E05}.Debug|Any CPU.Build.0 = Debug|Any CPU
		{4AEF3D44-7600-458C-BE2B-6B6281194E05}.Release|Any CPU.ActiveCfg = Release|Any CPU
		{4AEF3D44-7600-458C-BE2B-6B6281194E05}.Release|Any CPU.Build.0 = Release|Any CPU
	EndGlobalSection
	GlobalSection(SolutionProperties) = preSolution
		HideSolutionNode = FALSE
	EndGlobalSection
	GlobalSection(ExtensibilityGlobals) = postSolution
		SolutionGuid = {112AD899-61CF-4D4B-9FE5-03FA1A52E2C8}
	EndGlobalSection
EndGlobal
